{
  "requires": true,
  "lockfileVersion": 1,
  "dependencies": {
    "dom7": {
      "version": "4.0.1",
      "resolved": "https://registry.npmjs.org/dom7/-/dom7-4.0.1.tgz",
      "integrity": "sha512-y/RWjw3gK3qQnZz6IqDaIoqH6+xBhcB3Wsh5HFwl0abwuO/NAgbSB31ZbxtBDcuDe8jAX5NYUNDLTx4Ul48sIw==",
      "requires": {
        "ssr-window": "^4.0.0"
      }
    },
    "react-swipeable": {
      "version": "6.2.0",
      "resolved": "https://registry.npmjs.org/react-swipeable/-/react-swipeable-6.2.0.tgz",
      "integrity": "sha512-nWQ8dEM8e/uswZLSIkXUsAnQmnX4MTcryOHBQIQYRMJFDpgDBSiVbKsz/BZVCIScF4NtJh16oyxwaNOepR6xSw=="
    },
    "ssr-window": {
      "version": "4.0.1",
      "resolved": "https://registry.npmjs.org/ssr-window/-/ssr-window-4.0.1.tgz",
      "integrity": "sha512-5q936lkCk5Lg5hM6tG8Nutdym4vNiuFSWorslTzOn71PWb3Wnx44q/k2Ryn1LWA1G4FtxMzjywUFOiOxPkVGrA=="
    }
  }
}
